
Microsoft Visual Studio Solution File, Format Version 9.00
# Visual C++ Express 2005
Project("{8BC9CEB8-8B4A-11D0-8D11-00A0C91BC942}") = "ntenumratekey", "ntenumratekey\ntenumratekey.vcproj", "{A4C82ECB-C99E-4F3D-9C4C-D08ADD8DFA9D}"
EndProject
Global
	GlobalSection(SolutionConfigurationPlatforms) = preSolution
		Debug|Win32 = Debug|Win32
		Release|Win32 = Release|Win32
	EndGlobalSection
	GlobalSection(ProjectConfigurationPlatforms) = postSolution
		{A4C82ECB-C99E-4F3D-9C4C-D08ADD8DFA9D}.Debug|Win32.ActiveCfg = Debug|Win32
		{A4C82ECB-C99E-4F3D-9C4C-D08ADD8DFA9D}.Debug|Win32.Build.0 = Debug|Win32
		{A4C82ECB-C99E-4F3D-9C4C-D08ADD8DFA9D}.Release|Win32.ActiveCfg = Release|Win32
		{A4C82ECB-C99E-4F3D-9C4C-D08ADD8DFA9D}.Release|Win32.Build.0 = Release|Win32
	EndGlobalSection
	GlobalSection(SolutionProperties) = preSolution
		HideSolutionNode = FALSE
	EndGlobalSection
EndGlobal
